// !$*UTF8*$!
{
	archiveVersion = 1;
	classes = {
	};
	objectVersion = 51;
	objects = {

/* Begin PBXBuildFile section */
		031729D6260E1CF1004608F2 /* AppDelegate.swift in Sources */ = {isa = PBXBuildFile; fileRef = 031729D5260E1CF1004608F2 /* AppDelegate.swift */; };
		031729DF260E1CF3004608F2 /* Assets.xcassets in Resources */ = {isa = PBXBuildFile; fileRef = 031729DE260E1CF3004608F2 /* Assets.xcassets */; };
		031729E2260E1CF3004608F2 /* LaunchScreen.storyboard in Resources */ = {isa = PBXBuildFile; fileRef = 031729E0260E1CF3004608F2 /* LaunchScreen.storyboard */; };
		03172AE6260E6C05004608F2 /* swiftlint.yml in Resources */ = {isa = PBXBuildFile; fileRef = 03172AE5260E6C05004608F2 /* swiftlint.yml */; };
		03172B16260E72DB004608F2 /* UITableViewExtensions.swift in Sources */ = {isa = PBXBuildFile; fileRef = 03172AF9260E72DB004608F2 /* UITableViewExtensions.swift */; };
		03172B17260E72DB004608F2 /* UITableViewCellExtensions.swift in Sources */ = {isa = PBXBuildFile; fileRef = 03172AFA260E72DB004608F2 /* UITableViewCellExtensions.swift */; };
		03172B18260E72DB004608F2 /* DoubleExtensions.swift in Sources */ = {isa = PBXBuildFile; fileRef = 03172AFB260E72DB004608F2 /* DoubleExtensions.swift */; };
		03172B19260E72DB004608F2 /* NSLayoutConstraintExtensions.swift in Sources */ = {isa = PBXBuildFile; fileRef = 03172AFC260E72DB004608F2 /* NSLayoutConstraintExtensions.swift */; };
		03172B1A260E72DB004608F2 /* StringsExtensions.swift in Sources */ = {isa = PBXBuildFile; fileRef = 03172AFD260E72DB004608F2 /* StringsExtensions.swift */; };
		03172B1B260E72DB004608F2 /* NSObjectExtensions.swift in Sources */ = {isa = PBXBuildFile; fileRef = 03172AFE260E72DB004608F2 /* NSObjectExtensions.swift */; };
		03172B1C260E72DB004608F2 /* UIColorExtensions.swift in Sources */ = {isa = PBXBuildFile; fileRef = 03172AFF260E72DB004608F2 /* UIColorExtensions.swift */; };
		03172B1D260E72DB004608F2 /* MainViewController.swift in Sources */ = {isa = PBXBuildFile; fileRef = 03172B00260E72DB004608F2 /* MainViewController.swift */; };
		03172B1E260E72DB004608F2 /* Helpers.swift in Sources */ = {isa = PBXBuildFile; fileRef = 03172B02260E72DB004608F2 /* Helpers.swift */; };
		03172B1F260E72DB004608F2 /* CardReply.swift in Sources */ = {isa = PBXBuildFile; fileRef = 03172B04260E72DB004608F2 /* CardReply.swift */; };
		03172B20260E72DB004608F2 /* WeatherReply.swift in Sources */ = {isa = PBXBuildFile; fileRef = 03172B05260E72DB004608F2 /* WeatherReply.swift */; };
		03172B22260E72DB004608F2 /* StockMarketReply.swift in Sources */ = {isa = PBXBuildFile; fileRef = 03172B07260E72DB004608F2 /* StockMarketReply.swift */; };
		03172B23260E72DB004608F2 /* UserReply.swift in Sources */ = {isa = PBXBuildFile; fileRef = 03172B08260E72DB004608F2 /* UserReply.swift */; };
		03172B24260E72DB004608F2 /* SuggestionReply.swift in Sources */ = {isa = PBXBuildFile; fileRef = 03172B09260E72DB004608F2 /* SuggestionReply.swift */; };
		03172B25260E72DB004608F2 /* ExchangeRateReply.swift in Sources */ = {isa = PBXBuildFile; fileRef = 03172B0A260E72DB004608F2 /* ExchangeRateReply.swift */; };
		03172B26260E72DB004608F2 /* WeatherCell.swift in Sources */ = {isa = PBXBuildFile; fileRef = 03172B0C260E72DB004608F2 /* WeatherCell.swift */; };
		03172B27260E72DB004608F2 /* StockMarketCell.swift in Sources */ = {isa = PBXBuildFile; fileRef = 03172B0D260E72DB004608F2 /* StockMarketCell.swift */; };
		03172B28260E72DB004608F2 /* DefaultCell.swift in Sources */ = {isa = PBXBuildFile; fileRef = 03172B0E260E72DB004608F2 /* DefaultCell.swift */; };
		03172B29260E72DB004608F2 /* BottomMenu.swift in Sources */ = {isa = PBXBuildFile; fileRef = 03172B0F260E72DB004608F2 /* BottomMenu.swift */; };
		03172B2A260E72DB004608F2 /* PaddingLabel.swift in Sources */ = {isa = PBXBuildFile; fileRef = 03172B10260E72DB004608F2 /* PaddingLabel.swift */; };
		03172B2B260E72DB004608F2 /* BubbleCell.swift in Sources */ = {isa = PBXBuildFile; fileRef = 03172B11260E72DB004608F2 /* BubbleCell.swift */; };
		03172B2C260E72DB004608F2 /* ExchangeRateCell.swift in Sources */ = {isa = PBXBuildFile; fileRef = 03172B12260E72DB004608F2 /* ExchangeRateCell.swift */; };
		03172B2D260E72DB004608F2 /* GradientView.swift in Sources */ = {isa = PBXBuildFile; fileRef = 03172B13260E72DB004608F2 /* GradientView.swift */; };
		03172B2E260E72DB004608F2 /* ChatCell.swift in Sources */ = {isa = PBXBuildFile; fileRef = 03172B14260E72DB004608F2 /* ChatCell.swift */; };
		03172B2F260E72DB004608F2 /* SuggestionView.swift in Sources */ = {isa = PBXBuildFile; fileRef = 03172B15260E72DB004608F2 /* SuggestionView.swift */; };
		03FF16ED263850CF0008BA69 /* sound_out.wav in Resources */ = {isa = PBXBuildFile; fileRef = 03FF16EB263850CF0008BA69 /* sound_out.wav */; };
		03FF16EE263850CF0008BA69 /* sound_in.wav in Resources */ = {isa = PBXBuildFile; fileRef = 03FF16EC263850CF0008BA69 /* sound_in.wav */; };
		9D88A4B57DA462868DCED73F /* Pods_AimyboxExample.framework in Frameworks */ = {isa = PBXBuildFile; fileRef = 5C4249FB82E9600C247A0CC7 /* Pods_AimyboxExample.framework */; };
/* End PBXBuildFile section */

/* Begin PBXFileReference section */
		031729D2260E1CF1004608F2 /* AimyboxExample.app */ = {isa = PBXFileReference; explicitFileType = wrapper.application; includeInIndex = 0; path = AimyboxExample.app; sourceTree = BUILT_PRODUCTS_DIR; };
		031729D5260E1CF1004608F2 /* AppDelegate.swift */ = {isa = PBXFileReference; lastKnownFileType = sourcecode.swift; path = AppDelegate.swift; sourceTree = "<group>"; };
		031729DE260E1CF3004608F2 /* Assets.xcassets */ = {isa = PBXFileReference; lastKnownFileType = folder.assetcatalog; path = Assets.xcassets; sourceTree = "<group>"; };
		031729E1260E1CF3004608F2 /* Base */ = {isa = PBXFileReference; lastKnownFileType = file.storyboard; name = Base; path = Base.lproj/LaunchScreen.storyboard; sourceTree = "<group>"; };
		031729E3260E1CF3004608F2 /* Info.plist */ = {isa = PBXFileReference; lastKnownFileType = text.plist.xml; path = Info.plist; sourceTree = "<group>"; };
		03172AE5260E6C05004608F2 /* swiftlint.yml */ = {isa = PBXFileReference; fileEncoding = 4; lastKnownFileType = text.yaml; name = swiftlint.yml; path = "AimyboxExample/Supporting Files/swiftlint.yml"; sourceTree = SOURCE_ROOT; };
		03172AF9260E72DB004608F2 /* UITableViewExtensions.swift */ = {isa = PBXFileReference; fileEncoding = 4; lastKnownFileType = sourcecode.swift; path = UITableViewExtensions.swift; sourceTree = "<group>"; };
		03172AFA260E72DB004608F2 /* UITableViewCellExtensions.swift */ = {isa = PBXFileReference; fileEncoding = 4; lastKnownFileType = sourcecode.swift; path = UITableViewCellExtensions.swift; sourceTree = "<group>"; };
		03172AFB260E72DB004608F2 /* DoubleExtensions.swift */ = {isa = PBXFileReference; fileEncoding = 4; lastKnownFileType = sourcecode.swift; path = DoubleExtensions.swift; sourceTree = "<group>"; };
		03172AFC260E72DB004608F2 /* NSLayoutConstraintExtensions.swift */ = {isa = PBXFileReference; fileEncoding = 4; lastKnownFileType = sourcecode.swift; path = NSLayoutConstraintExtensions.swift; sourceTree = "<group>"; };
		03172AFD260E72DB004608F2 /* StringsExtensions.swift */ = {isa = PBXFileReference; fileEncoding = 4; lastKnownFileType = sourcecode.swift; path = StringsExtensions.swift; sourceTree = "<group>"; };
		03172AFE260E72DB004608F2 /* NSObjectExtensions.swift */ = {isa = PBXFileReference; fileEncoding = 4; lastKnownFileType = sourcecode.swift; path = NSObjectExtensions.swift; sourceTree = "<group>"; };
		03172AFF260E72DB004608F2 /* UIColorExtensions.swift */ = {isa = PBXFileReference; fileEncoding = 4; lastKnownFileType = sourcecode.swift; path = UIColorExtensions.swift; sourceTree = "<group>"; };
		03172B00260E72DB004608F2 /* MainViewController.swift */ = {isa = PBXFileReference; fileEncoding = 4; lastKnownFileType = sourcecode.swift; path = MainViewController.swift; sourceTree = "<group>"; };
		03172B02260E72DB004608F2 /* Helpers.swift */ = {isa = PBXFileReference; fileEncoding = 4; lastKnownFileType = sourcecode.swift; path = Helpers.swift; sourceTree = "<group>"; };
		03172B04260E72DB004608F2 /* CardReply.swift */ = {isa = PBXFileReference; fileEncoding = 4; lastKnownFileType = sourcecode.swift; path = CardReply.swift; sourceTree = "<group>"; };
		03172B05260E72DB004608F2 /* WeatherReply.swift */ = {isa = PBXFileReference; fileEncoding = 4; lastKnownFileType = sourcecode.swift; path = WeatherReply.swift; sourceTree = "<group>"; };
		03172B07260E72DB004608F2 /* StockMarketReply.swift */ = {isa = PBXFileReference; fileEncoding = 4; lastKnownFileType = sourcecode.swift; path = StockMarketReply.swift; sourceTree = "<group>"; };
		03172B08260E72DB004608F2 /* UserReply.swift */ = {isa = PBXFileReference; fileEncoding = 4; lastKnownFileType = sourcecode.swift; path = UserReply.swift; sourceTree = "<group>"; };
		03172B09260E72DB004608F2 /* SuggestionReply.swift */ = {isa = PBXFileReference; fileEncoding = 4; lastKnownFileType = sourcecode.swift; path = SuggestionReply.swift; sourceTree = "<group>"; };
		03172B0A260E72DB004608F2 /* ExchangeRateReply.swift */ = {isa = PBXFileReference; fileEncoding = 4; lastKnownFileType = sourcecode.swift; path = ExchangeRateReply.swift; sourceTree = "<group>"; };
		03172B0C260E72DB004608F2 /* WeatherCell.swift */ = {isa = PBXFileReference; fileEncoding = 4; lastKnownFileType = sourcecode.swift; path = WeatherCell.swift; sourceTree = "<group>"; };
		03172B0D260E72DB004608F2 /* StockMarketCell.swift */ = {isa = PBXFileReference; fileEncoding = 4; lastKnownFileType = sourcecode.swift; path = StockMarketCell.swift; sourceTree = "<group>"; };
		03172B0E260E72DB004608F2 /* DefaultCell.swift */ = {isa = PBXFileReference; fileEncoding = 4; lastKnownFileType = sourcecode.swift; path = DefaultCell.swift; sourceTree = "<group>"; };
		03172B0F260E72DB004608F2 /* BottomMenu.swift */ = {isa = PBXFileReference; fileEncoding = 4; lastKnownFileType = sourcecode.swift; path = BottomMenu.swift; sourceTree = "<group>"; };
		03172B10260E72DB004608F2 /* PaddingLabel.swift */ = {isa = PBXFileReference; fileEncoding = 4; lastKnownFileType = sourcecode.swift; path = PaddingLabel.swift; sourceTree = "<group>"; };
		03172B11260E72DB004608F2 /* BubbleCell.swift */ = {isa = PBXFileReference; fileEncoding = 4; lastKnownFileType = sourcecode.swift; path = BubbleCell.swift; sourceTree = "<group>"; };
		03172B12260E72DB004608F2 /* ExchangeRateCell.swift */ = {isa = PBXFileReference; fileEncoding = 4; lastKnownFileType = sourcecode.swift; path = ExchangeRateCell.swift; sourceTree = "<group>"; };
		03172B13260E72DB004608F2 /* GradientView.swift */ = {isa = PBXFileReference; fileEncoding = 4; lastKnownFileType = sourcecode.swift; path = GradientView.swift; sourceTree = "<group>"; };
		03172B14260E72DB004608F2 /* ChatCell.swift */ = {isa = PBXFileReference; fileEncoding = 4; lastKnownFileType = sourcecode.swift; path = ChatCell.swift; sourceTree = "<group>"; };
		03172B15260E72DB004608F2 /* SuggestionView.swift */ = {isa = PBXFileReference; fileEncoding = 4; lastKnownFileType = sourcecode.swift; path = SuggestionView.swift; sourceTree = "<group>"; };
		03FF16EB263850CF0008BA69 /* sound_out.wav */ = {isa = PBXFileReference; lastKnownFileType = audio.wav; path = sound_out.wav; sourceTree = "<group>"; };
		03FF16EC263850CF0008BA69 /* sound_in.wav */ = {isa = PBXFileReference; lastKnownFileType = audio.wav; path = sound_in.wav; sourceTree = "<group>"; };
		5C4249FB82E9600C247A0CC7 /* Pods_AimyboxExample.framework */ = {isa = PBXFileReference; explicitFileType = wrapper.framework; includeInIndex = 0; path = Pods_AimyboxExample.framework; sourceTree = BUILT_PRODUCTS_DIR; };
		696005E3439587001AF17652 /* Pods-AimyboxExample.debug.xcconfig */ = {isa = PBXFileReference; includeInIndex = 1; lastKnownFileType = text.xcconfig; name = "Pods-AimyboxExample.debug.xcconfig"; path = "Target Support Files/Pods-AimyboxExample/Pods-AimyboxExample.debug.xcconfig"; sourceTree = "<group>"; };
		7948DA7CE5715E5323C3DDF7 /* Pods-AimyboxExample.release.xcconfig */ = {isa = PBXFileReference; includeInIndex = 1; lastKnownFileType = text.xcconfig; name = "Pods-AimyboxExample.release.xcconfig"; path = "Target Support Files/Pods-AimyboxExample/Pods-AimyboxExample.release.xcconfig"; sourceTree = "<group>"; };
/* End PBXFileReference section */

/* Begin PBXFrameworksBuildPhase section */
		031729CF260E1CF1004608F2 /* Frameworks */ = {
			isa = PBXFrameworksBuildPhase;
			buildActionMask = 2147483647;
			files = (
				9D88A4B57DA462868DCED73F /* Pods_AimyboxExample.framework in Frameworks */,
			);
			runOnlyForDeploymentPostprocessing = 0;
		};
/* End PBXFrameworksBuildPhase section */

/* Begin PBXGroup section */
		031729C9260E1CF1004608F2 = {
			isa = PBXGroup;
			children = (
				031729D4260E1CF1004608F2 /* AimyboxExample */,
				031729D3260E1CF1004608F2 /* Products */,
				3D1AF8FF42D43FF106B3932C /* Pods */,
				30CF1502F1CDF2E14F63A310 /* Frameworks */,
			);
			sourceTree = "<group>";
		};
		031729D3260E1CF1004608F2 /* Products */ = {
			isa = PBXGroup;
			children = (
				031729D2260E1CF1004608F2 /* AimyboxExample.app */,
			);
			name = Products;
			sourceTree = "<group>";
		};
		031729D4260E1CF1004608F2 /* AimyboxExample */ = {
			isa = PBXGroup;
			children = (
				031729D5260E1CF1004608F2 /* AppDelegate.swift */,
				03172AF1260E7050004608F2 /* Sources */,
				03172AF2260E706E004608F2 /* Supporting Files */,
			);
			path = AimyboxExample;
			sourceTree = "<group>";
		};
		03172AF1260E7050004608F2 /* Sources */ = {
			isa = PBXGroup;
			children = (
				03172B00260E72DB004608F2 /* MainViewController.swift */,
				03172B03260E72DB004608F2 /* CustomReplies */,
				03172AF8260E72DB004608F2 /* Extensions */,
				03172B01260E72DB004608F2 /* Utils */,
				03172B0B260E72DB004608F2 /* Views */,
			);
			path = Sources;
			sourceTree = "<group>";
		};
		03172AF2260E706E004608F2 /* Supporting Files */ = {
			isa = PBXGroup;
			children = (
				031729E3260E1CF3004608F2 /* Info.plist */,
				031729DE260E1CF3004608F2 /* Assets.xcassets */,
				03172AE5260E6C05004608F2 /* swiftlint.yml */,
				031729E0260E1CF3004608F2 /* LaunchScreen.storyboard */,
				03FF16EA263850CF0008BA69 /* Sounds */,
			);
			path = "Supporting Files";
			sourceTree = "<group>";
		};
		03172AF8260E72DB004608F2 /* Extensions */ = {
			isa = PBXGroup;
			children = (
				03172AF9260E72DB004608F2 /* UITableViewExtensions.swift */,
				03172AFA260E72DB004608F2 /* UITableViewCellExtensions.swift */,
				03172AFB260E72DB004608F2 /* DoubleExtensions.swift */,
				03172AFC260E72DB004608F2 /* NSLayoutConstraintExtensions.swift */,
				03172AFD260E72DB004608F2 /* StringsExtensions.swift */,
				03172AFE260E72DB004608F2 /* NSObjectExtensions.swift */,
				03172AFF260E72DB004608F2 /* UIColorExtensions.swift */,
			);
			path = Extensions;
			sourceTree = "<group>";
		};
		03172B01260E72DB004608F2 /* Utils */ = {
			isa = PBXGroup;
			children = (
				03172B02260E72DB004608F2 /* Helpers.swift */,
			);
			path = Utils;
			sourceTree = "<group>";
		};
		03172B03260E72DB004608F2 /* CustomReplies */ = {
			isa = PBXGroup;
			children = (
				03172B04260E72DB004608F2 /* CardReply.swift */,
				03172B05260E72DB004608F2 /* WeatherReply.swift */,
				03172B07260E72DB004608F2 /* StockMarketReply.swift */,
				03172B08260E72DB004608F2 /* UserReply.swift */,
				03172B09260E72DB004608F2 /* SuggestionReply.swift */,
				03172B0A260E72DB004608F2 /* ExchangeRateReply.swift */,
			);
			path = CustomReplies;
			sourceTree = "<group>";
		};
		03172B0B260E72DB004608F2 /* Views */ = {
			isa = PBXGroup;
			children = (
				03172B0C260E72DB004608F2 /* WeatherCell.swift */,
				03172B0D260E72DB004608F2 /* StockMarketCell.swift */,
				03172B0E260E72DB004608F2 /* DefaultCell.swift */,
				03172B0F260E72DB004608F2 /* BottomMenu.swift */,
				03172B10260E72DB004608F2 /* PaddingLabel.swift */,
				03172B11260E72DB004608F2 /* BubbleCell.swift */,
				03172B12260E72DB004608F2 /* ExchangeRateCell.swift */,
				03172B13260E72DB004608F2 /* GradientView.swift */,
				03172B14260E72DB004608F2 /* ChatCell.swift */,
				03172B15260E72DB004608F2 /* SuggestionView.swift */,
			);
			path = Views;
			sourceTree = "<group>";
		};
		03FF16EA263850CF0008BA69 /* Sounds */ = {
			isa = PBXGroup;
			children = (
				03FF16EB263850CF0008BA69 /* sound_out.wav */,
				03FF16EC263850CF0008BA69 /* sound_in.wav */,
			);
			path = Sounds;
			sourceTree = "<group>";
		};
		30CF1502F1CDF2E14F63A310 /* Frameworks */ = {
			isa = PBXGroup;
			children = (
				5C4249FB82E9600C247A0CC7 /* Pods_AimyboxExample.framework */,
			);
			name = Frameworks;
			sourceTree = "<group>";
		};
		3D1AF8FF42D43FF106B3932C /* Pods */ = {
			isa = PBXGroup;
			children = (
				696005E3439587001AF17652 /* Pods-AimyboxExample.debug.xcconfig */,
				7948DA7CE5715E5323C3DDF7 /* Pods-AimyboxExample.release.xcconfig */,
			);
			path = Pods;
			sourceTree = "<group>";
		};
/* End PBXGroup section */

/* Begin PBXNativeTarget section */
		031729D1260E1CF1004608F2 /* AimyboxExample */ = {
			isa = PBXNativeTarget;
			buildConfigurationList = 031729E6260E1CF3004608F2 /* Build configuration list for PBXNativeTarget "AimyboxExample" */;
			buildPhases = (
				87FF4B556D4BBB2576E890F5 /* [CP] Check Pods Manifest.lock */,
				031729CE260E1CF1004608F2 /* Sources */,
				03172AE3260E6B9F004608F2 /* Run SwiftLint */,
				031729CF260E1CF1004608F2 /* Frameworks */,
				031729D0260E1CF1004608F2 /* Resources */,
				72B40B4A297AFD59251E442D /* [CP] Embed Pods Frameworks */,
			);
			buildRules = (
			);
			dependencies = (
			);
			name = AimyboxExample;
			productName = AimyboxExample;
			productReference = 031729D2260E1CF1004608F2 /* AimyboxExample.app */;
			productType = "com.apple.product-type.application";
		};
/* End PBXNativeTarget section */

/* Begin PBXProject section */
		031729CA260E1CF1004608F2 /* Project object */ = {
			isa = PBXProject;
			attributes = {
				LastSwiftUpdateCheck = 1220;
				LastUpgradeCheck = 1220;
				TargetAttributes = {
					031729D1260E1CF1004608F2 = {
						CreatedOnToolsVersion = 12.2;
					};
				};
			};
			buildConfigurationList = 031729CD260E1CF1004608F2 /* Build configuration list for PBXProject "AimyboxExample" */;
			compatibilityVersion = "Xcode 9.3";
			developmentRegion = en;
			hasScannedForEncodings = 0;
			knownRegions = (
				en,
				Base,
			);
			mainGroup = 031729C9260E1CF1004608F2;
			productRefGroup = 031729D3260E1CF1004608F2 /* Products */;
			projectDirPath = "";
			projectRoot = "";
			targets = (
				031729D1260E1CF1004608F2 /* AimyboxExample */,
			);
		};
/* End PBXProject section */

/* Begin PBXResourcesBuildPhase section */
		031729D0260E1CF1004608F2 /* Resources */ = {
			isa = PBXResourcesBuildPhase;
			buildActionMask = 2147483647;
			files = (
				031729E2260E1CF3004608F2 /* LaunchScreen.storyboard in Resources */,
				03FF16EE263850CF0008BA69 /* sound_in.wav in Resources */,
				03FF16ED263850CF0008BA69 /* sound_out.wav in Resources */,
				03172AE6260E6C05004608F2 /* swiftlint.yml in Resources */,
				031729DF260E1CF3004608F2 /* Assets.xcassets in Resources */,
			);
			runOnlyForDeploymentPostprocessing = 0;
		};
/* End PBXResourcesBuildPhase section */

/* Begin PBXShellScriptBuildPhase section */
		03172AE3260E6B9F004608F2 /* Run SwiftLint */ = {
			isa = PBXShellScriptBuildPhase;
			buildActionMask = 2147483647;
			files = (
			);
			inputFileListPaths = (
			);
			inputPaths = (
			);
			name = "Run SwiftLint";
			outputFileListPaths = (
			);
			outputPaths = (
			);
			runOnlyForDeploymentPostprocessing = 0;
			shellPath = /bin/sh;
			shellScript = "LINT_PATH=${1:-\"${SRCROOT}/${TARGETNAME}\"}\n${PODS_ROOT}/SwiftLint/swiftlint --config \"./AimyboxExample/Supporting Files/swiftlint.yml\" --path \"${LINT_PATH}\"\n";
		};
		72B40B4A297AFD59251E442D /* [CP] Embed Pods Frameworks */ = {
			isa = PBXShellScriptBuildPhase;
			buildActionMask = 2147483647;
			files = (
			);
			inputFileListPaths = (
				"${PODS_ROOT}/Target Support Files/Pods-AimyboxExample/Pods-AimyboxExample-frameworks-${CONFIGURATION}-input-files.xcfilelist",
			);
			name = "[CP] Embed Pods Frameworks";
			outputFileListPaths = (
				"${PODS_ROOT}/Target Support Files/Pods-AimyboxExample/Pods-AimyboxExample-frameworks-${CONFIGURATION}-output-files.xcfilelist",
			);
			runOnlyForDeploymentPostprocessing = 0;
			shellPath = /bin/sh;
			shellScript = "\"${PODS_ROOT}/Target Support Files/Pods-AimyboxExample/Pods-AimyboxExample-frameworks.sh\"\n";
			showEnvVarsInLog = 0;
		};
		87FF4B556D4BBB2576E890F5 /* [CP] Check Pods Manifest.lock */ = {
			isa = PBXShellScriptBuildPhase;
			buildActionMask = 2147483647;
			files = (
			);
			inputFileListPaths = (
			);
			inputPaths = (
				"${PODS_PODFILE_DIR_PATH}/Podfile.lock",
				"${PODS_ROOT}/Manifest.lock",
			);
			name = "[CP] Check Pods Manifest.lock";
			outputFileListPaths = (
			);
			outputPaths = (
				"$(DERIVED_FILE_DIR)/Pods-AimyboxExample-checkManifestLockResult.txt",
			);
			runOnlyForDeploymentPostprocessing = 0;
			shellPath = /bin/sh;
			shellScript = "diff \"${PODS_PODFILE_DIR_PATH}/Podfile.lock\" \"${PODS_ROOT}/Manifest.lock\" > /dev/null\nif [ $? != 0 ] ; then\n    # print error to STDERR\n    echo \"error: The sandbox is not in sync with the Podfile.lock. Run 'pod install' or update your CocoaPods installation.\" >&2\n    exit 1\nfi\n# This output is used by Xcode 'outputs' to avoid re-running this script phase.\necho \"SUCCESS\" > \"${SCRIPT_OUTPUT_FILE_0}\"\n";
			showEnvVarsInLog = 0;
		};
/* End PBXShellScriptBuildPhase section */

/* Begin PBXSourcesBuildPhase section */
		031729CE260E1CF1004608F2 /* Sources */ = {
			isa = PBXSourcesBuildPhase;
			buildActionMask = 2147483647;
			files = (
				03172B2C260E72DB004608F2 /* ExchangeRateCell.swift in Sources */,
				03172B18260E72DB004608F2 /* DoubleExtensions.swift in Sources */,
				03172B28260E72DB004608F2 /* DefaultCell.swift in Sources */,
				03172B25260E72DB004608F2 /* ExchangeRateReply.swift in Sources */,
				03172B26260E72DB004608F2 /* WeatherCell.swift in Sources */,
				031729D6260E1CF1004608F2 /* AppDelegate.swift in Sources */,
				03172B19260E72DB004608F2 /* NSLayoutConstraintExtensions.swift in Sources */,
				03172B27260E72DB004608F2 /* StockMarketCell.swift in Sources */,
				03172B1E260E72DB004608F2 /* Helpers.swift in Sources */,
				03172B24260E72DB004608F2 /* SuggestionReply.swift in Sources */,
				03172B2F260E72DB004608F2 /* SuggestionView.swift in Sources */,
				03172B16260E72DB004608F2 /* UITableViewExtensions.swift in Sources */,
				03172B2A260E72DB004608F2 /* PaddingLabel.swift in Sources */,
				03172B23260E72DB004608F2 /* UserReply.swift in Sources */,
				03172B22260E72DB004608F2 /* StockMarketReply.swift in Sources */,
				03172B29260E72DB004608F2 /* BottomMenu.swift in Sources */,
				03172B1B260E72DB004608F2 /* NSObjectExtensions.swift in Sources */,
				03172B1A260E72DB004608F2 /* StringsExtensions.swift in Sources */,
				03172B2B260E72DB004608F2 /* BubbleCell.swift in Sources */,
				03172B1F260E72DB004608F2 /* CardReply.swift in Sources */,
				03172B1D260E72DB004608F2 /* MainViewController.swift in Sources */,
				03172B20260E72DB004608F2 /* WeatherReply.swift in Sources */,
				03172B2D260E72DB004608F2 /* GradientView.swift in Sources */,
				03172B2E260E72DB004608F2 /* ChatCell.swift in Sources */,
				03172B17260E72DB004608F2 /* UITableViewCellExtensions.swift in Sources */,
				03172B1C260E72DB004608F2 /* UIColorExtensions.swift in Sources */,
			);
			runOnlyForDeploymentPostprocessing = 0;
		};
/* End PBXSourcesBuildPhase section */

/* Begin PBXVariantGroup section */
		031729E0260E1CF3004608F2 /* LaunchScreen.storyboard */ = {
			isa = PBXVariantGroup;
			children = (
				031729E1260E1CF3004608F2 /* Base */,
			);
			name = LaunchScreen.storyboard;
			sourceTree = "<group>";
		};
/* End PBXVariantGroup section */

/* Begin XCBuildConfiguration section */
		031729E4260E1CF3004608F2 /* Debug */ = {
			isa = XCBuildConfiguration;
			buildSettings = {
				ALWAYS_SEARCH_USER_PATHS = NO;
				CLANG_ANALYZER_NONNULL = YES;
				CLANG_ANALYZER_NUMBER_OBJECT_CONVERSION = YES_AGGRESSIVE;
				CLANG_CXX_LANGUAGE_STANDARD = "gnu++14";
				CLANG_CXX_LIBRARY = "libc++";
				CLANG_ENABLE_MODULES = YES;
				CLANG_ENABLE_OBJC_ARC = YES;
				CLANG_ENABLE_OBJC_WEAK = YES;
				CLANG_WARN_BLOCK_CAPTURE_AUTORELEASING = YES;
				CLANG_WARN_BOOL_CONVERSION = YES;
				CLANG_WARN_COMMA = YES;
				CLANG_WARN_CONSTANT_CONVERSION = YES;
				CLANG_WARN_DEPRECATED_OBJC_IMPLEMENTATIONS = YES;
				CLANG_WARN_DIRECT_OBJC_ISA_USAGE = YES_ERROR;
				CLANG_WARN_DOCUMENTATION_COMMENTS = YES;
				CLANG_WARN_EMPTY_BODY = YES;
				CLANG_WARN_ENUM_CONVERSION = YES;
				CLANG_WARN_INFINITE_RECURSION = YES;
				CLANG_WARN_INT_CONVERSION = YES;
				CLANG_WARN_NON_LITERAL_NULL_CONVERSION = YES;
				CLANG_WARN_OBJC_IMPLICIT_RETAIN_SELF = YES;
				CLANG_WARN_OBJC_LITERAL_CONVERSION = YES;
				CLANG_WARN_OBJC_ROOT_CLASS = YES_ERROR;
				CLANG_WARN_QUOTED_INCLUDE_IN_FRAMEWORK_HEADER = YES;
				CLANG_WARN_RANGE_LOOP_ANALYSIS = YES;
				CLANG_WARN_STRICT_PROTOTYPES = YES;
				CLANG_WARN_SUSPICIOUS_MOVE = YES;
				CLANG_WARN_UNGUARDED_AVAILABILITY = YES_AGGRESSIVE;
				CLANG_WARN_UNREACHABLE_CODE = YES;
				CLANG_WARN__DUPLICATE_METHOD_MATCH = YES;
				COPY_PHASE_STRIP = NO;
				DEBUG_INFORMATION_FORMAT = dwarf;
				ENABLE_STRICT_OBJC_MSGSEND = YES;
				ENABLE_TESTABILITY = YES;
				GCC_C_LANGUAGE_STANDARD = gnu11;
				GCC_DYNAMIC_NO_PIC = NO;
				GCC_NO_COMMON_BLOCKS = YES;
				GCC_OPTIMIZATION_LEVEL = 0;
				GCC_PREPROCESSOR_DEFINITIONS = (
					"DEBUG=1",
					"$(inherited)",
				);
				GCC_WARN_64_TO_32_BIT_CONVERSION = YES;
				GCC_WARN_ABOUT_RETURN_TYPE = YES_ERROR;
				GCC_WARN_UNDECLARED_SELECTOR = YES;
				GCC_WARN_UNINITIALIZED_AUTOS = YES_AGGRESSIVE;
				GCC_WARN_UNUSED_FUNCTION = YES;
				GCC_WARN_UNUSED_VARIABLE = YES;
				IPHONEOS_DEPLOYMENT_TARGET = 11.4;
				MTL_ENABLE_DEBUG_INFO = INCLUDE_SOURCE;
				MTL_FAST_MATH = YES;
				ONLY_ACTIVE_ARCH = YES;
				SDKROOT = iphoneos;
				SWIFT_ACTIVE_COMPILATION_CONDITIONS = DEBUG;
				SWIFT_OPTIMIZATION_LEVEL = "-Onone";
			};
			name = Debug;
		};
		031729E5260E1CF3004608F2 /* Release */ = {
			isa = XCBuildConfiguration;
			buildSettings = {
				ALWAYS_SEARCH_USER_PATHS = NO;
				CLANG_ANALYZER_NONNULL = YES;
				CLANG_ANALYZER_NUMBER_OBJECT_CONVERSION = YES_AGGRESSIVE;
				CLANG_CXX_LANGUAGE_STANDARD = "gnu++14";
				CLANG_CXX_LIBRARY = "libc++";
				CLANG_ENABLE_MODULES = YES;
				CLANG_ENABLE_OBJC_ARC = YES;
				CLANG_ENABLE_OBJC_WEAK = YES;
				CLANG_WARN_BLOCK_CAPTURE_AUTORELEASING = YES;
				CLANG_WARN_BOOL_CONVERSION = YES;
				CLANG_WARN_COMMA = YES;
				CLANG_WARN_CONSTANT_CONVERSION = YES;
				CLANG_WARN_DEPRECATED_OBJC_IMPLEMENTATIONS = YES;
				CLANG_WARN_DIRECT_OBJC_ISA_USAGE = YES_ERROR;
				CLANG_WARN_DOCUMENTATION_COMMENTS = YES;
				CLANG_WARN_EMPTY_BODY = YES;
				CLANG_WARN_ENUM_CONVERSION = YES;
				CLANG_WARN_INFINITE_RECURSION = YES;
				CLANG_WARN_INT_CONVERSION = YES;
				CLANG_WARN_NON_LITERAL_NULL_CONVERSION = YES;
				CLANG_WARN_OBJC_IMPLICIT_RETAIN_SELF = YES;
				CLANG_WARN_OBJC_LITERAL_CONVERSION = YES;
				CLANG_WARN_OBJC_ROOT_CLASS = YES_ERROR;
				CLANG_WARN_QUOTED_INCLUDE_IN_FRAMEWORK_HEADER = YES;
				CLANG_WARN_RANGE_LOOP_ANALYSIS = YES;
				CLANG_WARN_STRICT_PROTOTYPES = YES;
				CLANG_WARN_SUSPICIOUS_MOVE = YES;
				CLANG_WARN_UNGUARDED_AVAILABILITY = YES_AGGRESSIVE;
				CLANG_WARN_UNREACHABLE_CODE = YES;
				CLANG_WARN__DUPLICATE_METHOD_MATCH = YES;
				COPY_PHASE_STRIP = NO;
				DEBUG_INFORMATION_FORMAT = "dwarf-with-dsym";
				ENABLE_NS_ASSERTIONS = NO;
				ENABLE_STRICT_OBJC_MSGSEND = YES;
				GCC_C_LANGUAGE_STANDARD = gnu11;
				GCC_NO_COMMON_BLOCKS = YES;
				GCC_WARN_64_TO_32_BIT_CONVERSION = YES;
				GCC_WARN_ABOUT_RETURN_TYPE = YES_ERROR;
				GCC_WARN_UNDECLARED_SELECTOR = YES;
				GCC_WARN_UNINITIALIZED_AUTOS = YES_AGGRESSIVE;
				GCC_WARN_UNUSED_FUNCTION = YES;
				GCC_WARN_UNUSED_VARIABLE = YES;
				IPHONEOS_DEPLOYMENT_TARGET = 11.4;
				MTL_ENABLE_DEBUG_INFO = NO;
				MTL_FAST_MATH = YES;
				SDKROOT = iphoneos;
				SWIFT_COMPILATION_MODE = wholemodule;
				SWIFT_OPTIMIZATION_LEVEL = "-O";
				VALIDATE_PRODUCT = YES;
			};
			name = Release;
		};
		031729E7260E1CF3004608F2 /* Debug */ = {
			isa = XCBuildConfiguration;
			baseConfigurationReference = 696005E3439587001AF17652 /* Pods-AimyboxExample.debug.xcconfig */;
			buildSettings = {
				ASSETCATALOG_COMPILER_APPICON_NAME = AppIcon;
				ASSETCATALOG_COMPILER_GLOBAL_ACCENT_COLOR_NAME = AccentColor;
				CODE_SIGN_IDENTITY = "Apple Development";
				CODE_SIGN_STYLE = Automatic;
				DEVELOPMENT_TEAM = 8298429F2B;
				INFOPLIST_FILE = "AimyboxExample/Supporting Files/Info.plist";
				LD_RUNPATH_SEARCH_PATHS = (
					"$(inherited)",
					"@executable_path/Frameworks",
				);
				PRODUCT_BUNDLE_IDENTIFIER = com.justai.AimyboxExample;
				PRODUCT_NAME = "$(TARGET_NAME)";
				PROVISIONING_PROFILE_SPECIFIER = "";
				SWIFT_VERSION = 5.0;
				TARGETED_DEVICE_FAMILY = 1;
			};
			name = Debug;
		};
		031729E8260E1CF3004608F2 /* Release */ = {
			isa = XCBuildConfiguration;
			baseConfigurationReference = 7948DA7CE5715E5323C3DDF7 /* Pods-AimyboxExample.release.xcconfig */;
			buildSettings = {
				ASSETCATALOG_COMPILER_APPICON_NAME = AppIcon;
				ASSETCATALOG_COMPILER_GLOBAL_ACCENT_COLOR_NAME = AccentColor;
				CODE_SIGN_IDENTITY = "Apple Development";
				CODE_SIGN_STYLE = Automatic;
				DEVELOPMENT_TEAM = 8298429F2B;
				INFOPLIST_FILE = "AimyboxExample/Supporting Files/Info.plist";
				LD_RUNPATH_SEARCH_PATHS = (
					"$(inherited)",
					"@executable_path/Frameworks",
				);
				PRODUCT_BUNDLE_IDENTIFIER = com.justai.AimyboxExample;
				PRODUCT_NAME = "$(TARGET_NAME)";
				PROVISIONING_PROFILE_SPECIFIER = "";
				SWIFT_VERSION = 5.0;
				TARGETED_DEVICE_FAMILY = 1;
			};
			name = Release;
		};
/* End XCBuildConfiguration section */

/* Begin XCConfigurationList section */
		031729CD260E1CF1004608F2 /* Build configuration list for PBXProject "AimyboxExample" */ = {
			isa = XCConfigurationList;
			buildConfigurations = (
				031729E4260E1CF3004608F2 /* Debug */,
				031729E5260E1CF3004608F2 /* Release */,
			);
			defaultConfigurationIsVisible = 0;
			defaultConfigurationName = Release;
		};
		031729E6260E1CF3004608F2 /* Build configuration list for PBXNativeTarget "AimyboxExample" */ = {
			isa = XCConfigurationList;
			buildConfigurations = (
				031729E7260E1CF3004608F2 /* Debug */,
				031729E8260E1CF3004608F2 /* Release */,
			);
			defaultConfigurationIsVisible = 0;
			defaultConfigurationName = Release;
		};
/* End XCConfigurationList section */
	};
	rootObject = 031729CA260E1CF1004608F2 /* Project object */;
}
