// !$*UTF8*$!
{
	archiveVersion = 1;
	classes = {
	};
	objectVersion = 50;
	objects = {

/* Begin PBXBuildFile section */
		557D2F30238C2B17007FC257 /* AimyboxState.swift in Sources */ = {isa = PBXBuildFile; fileRef = 557D2F2F238C2B17007FC257 /* AimyboxState.swift */; };
		97233FDD23898F2C0050E37F /* AimyboxCore.h in Headers */ = {isa = PBXBuildFile; fileRef = 97233FDB23898F2C0050E37F /* AimyboxCore.h */; settings = {ATTRIBUTES = (Public, ); }; };
		97233FEA2389906B0050E37F /* AimyboxCoreTests.swift in Sources */ = {isa = PBXBuildFile; fileRef = 97233FE92389906B0050E37F /* AimyboxCoreTests.swift */; };
		97233FEC2389906B0050E37F /* AimyboxCore.framework in Frameworks */ = {isa = PBXBuildFile; fileRef = 97233FD823898F2C0050E37F /* AimyboxCore.framework */; };
		973C7C9D2389921200920960 /* Aimybox.swift in Sources */ = {isa = PBXBuildFile; fileRef = 973C7C9C2389921200920960 /* Aimybox.swift */; };
		976B565D239290B1009BF684 /* SpechToTextProtocol.swift in Sources */ = {isa = PBXBuildFile; fileRef = 976B565C239290B1009BF684 /* SpechToTextProtocol.swift */; };
		976B565F23929385009BF684 /* AimyboxConfig.swift in Sources */ = {isa = PBXBuildFile; fileRef = 976B565E23929385009BF684 /* AimyboxConfig.swift */; };
		976B566223929803009BF684 /* SFSpeechToText.swift in Sources */ = {isa = PBXBuildFile; fileRef = 976B566123929803009BF684 /* SFSpeechToText.swift */; };
		976B56652392AE0D009BF684 /* AimyboxDelegate.swift in Sources */ = {isa = PBXBuildFile; fileRef = 976B56642392AE0D009BF684 /* AimyboxDelegate.swift */; };
		976B56672392C3FD009BF684 /* AimyboxError.swift in Sources */ = {isa = PBXBuildFile; fileRef = 976B56662392C3FD009BF684 /* AimyboxError.swift */; };
		976B56692392C41F009BF684 /* AimyboxResult.swift in Sources */ = {isa = PBXBuildFile; fileRef = 976B56682392C41F009BF684 /* AimyboxResult.swift */; };
/* End PBXBuildFile section */

/* Begin PBXContainerItemProxy section */
		97233FED2389906B0050E37F /* PBXContainerItemProxy */ = {
			isa = PBXContainerItemProxy;
			containerPortal = 97233FCF23898F2C0050E37F /* Project object */;
			proxyType = 1;
			remoteGlobalIDString = 97233FD723898F2C0050E37F;
			remoteInfo = AimyboxCore;
		};
/* End PBXContainerItemProxy section */

/* Begin PBXFileReference section */
		557D2F2F238C2B17007FC257 /* AimyboxState.swift */ = {isa = PBXFileReference; lastKnownFileType = sourcecode.swift; path = AimyboxState.swift; sourceTree = "<group>"; };
		97233FD823898F2C0050E37F /* AimyboxCore.framework */ = {isa = PBXFileReference; explicitFileType = wrapper.framework; includeInIndex = 0; path = AimyboxCore.framework; sourceTree = BUILT_PRODUCTS_DIR; };
		97233FDB23898F2C0050E37F /* AimyboxCore.h */ = {isa = PBXFileReference; lastKnownFileType = sourcecode.c.h; path = AimyboxCore.h; sourceTree = "<group>"; };
		97233FDC23898F2C0050E37F /* Info.plist */ = {isa = PBXFileReference; lastKnownFileType = text.plist.xml; path = Info.plist; sourceTree = "<group>"; };
		97233FE72389906B0050E37F /* AimyboxCoreTests.xctest */ = {isa = PBXFileReference; explicitFileType = wrapper.cfbundle; includeInIndex = 0; path = AimyboxCoreTests.xctest; sourceTree = BUILT_PRODUCTS_DIR; };
		97233FE92389906B0050E37F /* AimyboxCoreTests.swift */ = {isa = PBXFileReference; lastKnownFileType = sourcecode.swift; path = AimyboxCoreTests.swift; sourceTree = "<group>"; };
		97233FEB2389906B0050E37F /* Info.plist */ = {isa = PBXFileReference; lastKnownFileType = text.plist.xml; path = Info.plist; sourceTree = "<group>"; };
		973C7C9C2389921200920960 /* Aimybox.swift */ = {isa = PBXFileReference; lastKnownFileType = sourcecode.swift; path = Aimybox.swift; sourceTree = "<group>"; };
		976B565C239290B1009BF684 /* SpechToTextProtocol.swift */ = {isa = PBXFileReference; lastKnownFileType = sourcecode.swift; path = SpechToTextProtocol.swift; sourceTree = "<group>"; };
		976B565E23929385009BF684 /* AimyboxConfig.swift */ = {isa = PBXFileReference; lastKnownFileType = sourcecode.swift; path = AimyboxConfig.swift; sourceTree = "<group>"; };
		976B566123929803009BF684 /* SFSpeechToText.swift */ = {isa = PBXFileReference; lastKnownFileType = sourcecode.swift; path = SFSpeechToText.swift; sourceTree = "<group>"; };
		976B56642392AE0D009BF684 /* AimyboxDelegate.swift */ = {isa = PBXFileReference; lastKnownFileType = sourcecode.swift; path = AimyboxDelegate.swift; sourceTree = "<group>"; };
		976B56662392C3FD009BF684 /* AimyboxError.swift */ = {isa = PBXFileReference; lastKnownFileType = sourcecode.swift; path = AimyboxError.swift; sourceTree = "<group>"; };
		976B56682392C41F009BF684 /* AimyboxResult.swift */ = {isa = PBXFileReference; lastKnownFileType = sourcecode.swift; path = AimyboxResult.swift; sourceTree = "<group>"; };
/* End PBXFileReference section */

/* Begin PBXFrameworksBuildPhase section */
		97233FD523898F2C0050E37F /* Frameworks */ = {
			isa = PBXFrameworksBuildPhase;
			buildActionMask = 2147483647;
			files = (
			);
			runOnlyForDeploymentPostprocessing = 0;
		};
		97233FE42389906B0050E37F /* Frameworks */ = {
			isa = PBXFrameworksBuildPhase;
			buildActionMask = 2147483647;
			files = (
				97233FEC2389906B0050E37F /* AimyboxCore.framework in Frameworks */,
			);
			runOnlyForDeploymentPostprocessing = 0;
		};
/* End PBXFrameworksBuildPhase section */

/* Begin PBXGroup section */
		97233FCE23898F2C0050E37F = {
			isa = PBXGroup;
			children = (
				976B56602392964A009BF684 /* Components */,
				97233FDA23898F2C0050E37F /* AimyboxCore */,
				97233FE82389906B0050E37F /* AimyboxCoreTests */,
				97233FD923898F2C0050E37F /* Products */,
			);
			sourceTree = "<group>";
		};
		97233FD923898F2C0050E37F /* Products */ = {
			isa = PBXGroup;
			children = (
				97233FD823898F2C0050E37F /* AimyboxCore.framework */,
				97233FE72389906B0050E37F /* AimyboxCoreTests.xctest */,
			);
			name = Products;
			sourceTree = "<group>";
		};
		97233FDA23898F2C0050E37F /* AimyboxCore */ = {
			isa = PBXGroup;
			children = (
				97233FDB23898F2C0050E37F /* AimyboxCore.h */,
				97233FDC23898F2C0050E37F /* Info.plist */,
				973C7C9C2389921200920960 /* Aimybox.swift */,
				557D2F2F238C2B17007FC257 /* AimyboxState.swift */,
				976B56642392AE0D009BF684 /* AimyboxDelegate.swift */,
				976B565E23929385009BF684 /* AimyboxConfig.swift */,
				976B56662392C3FD009BF684 /* AimyboxError.swift */,
				976B56682392C41F009BF684 /* AimyboxResult.swift */,
				976B565C239290B1009BF684 /* SpechToTextProtocol.swift */,
			);
			path = AimyboxCore;
			sourceTree = "<group>";
		};
		97233FE82389906B0050E37F /* AimyboxCoreTests */ = {
			isa = PBXGroup;
			children = (
				97233FE92389906B0050E37F /* AimyboxCoreTests.swift */,
				97233FEB2389906B0050E37F /* Info.plist */,
			);
			path = AimyboxCoreTests;
			sourceTree = "<group>";
		};
		976B56602392964A009BF684 /* Components */ = {
			isa = PBXGroup;
			children = (
				976B56632392986E009BF684 /* SpeechFramework */,
			);
			path = Components;
			sourceTree = "<group>";
		};
		976B56632392986E009BF684 /* SpeechFramework */ = {
			isa = PBXGroup;
			children = (
				976B566123929803009BF684 /* SFSpeechToText.swift */,
			);
			path = SpeechFramework;
			sourceTree = "<group>";
		};
/* End PBXGroup section */

/* Begin PBXHeadersBuildPhase section */
		97233FD323898F2C0050E37F /* Headers */ = {
			isa = PBXHeadersBuildPhase;
			buildActionMask = 2147483647;
			files = (
				97233FDD23898F2C0050E37F /* AimyboxCore.h in Headers */,
			);
			runOnlyForDeploymentPostprocessing = 0;
		};
/* End PBXHeadersBuildPhase section */

/* Begin PBXNativeTarget section */
		97233FD723898F2C0050E37F /* AimyboxCore */ = {
			isa = PBXNativeTarget;
			buildConfigurationList = 97233FE023898F2C0050E37F /* Build configuration list for PBXNativeTarget "AimyboxCore" */;
			buildPhases = (
				97233FD323898F2C0050E37F /* Headers */,
				97233FD423898F2C0050E37F /* Sources */,
				97233FD523898F2C0050E37F /* Frameworks */,
				97233FD623898F2C0050E37F /* Resources */,
			);
			buildRules = (
			);
			dependencies = (
			);
			name = AimyboxCore;
			productName = AimyboxCore;
			productReference = 97233FD823898F2C0050E37F /* AimyboxCore.framework */;
			productType = "com.apple.product-type.framework";
		};
		97233FE62389906B0050E37F /* AimyboxCoreTests */ = {
			isa = PBXNativeTarget;
			buildConfigurationList = 97233FF12389906B0050E37F /* Build configuration list for PBXNativeTarget "AimyboxCoreTests" */;
			buildPhases = (
				97233FE32389906B0050E37F /* Sources */,
				97233FE42389906B0050E37F /* Frameworks */,
				97233FE52389906B0050E37F /* Resources */,
			);
			buildRules = (
			);
			dependencies = (
				97233FEE2389906B0050E37F /* PBXTargetDependency */,
			);
			name = AimyboxCoreTests;
			productName = AimyboxCoreTests;
			productReference = 97233FE72389906B0050E37F /* AimyboxCoreTests.xctest */;
			productType = "com.apple.product-type.bundle.unit-test";
		};
/* End PBXNativeTarget section */

/* Begin PBXProject section */
		97233FCF23898F2C0050E37F /* Project object */ = {
			isa = PBXProject;
			attributes = {
				LastSwiftUpdateCheck = 1110;
				LastUpgradeCheck = 1110;
				ORGANIZATIONNAME = "Just Ai";
				TargetAttributes = {
					97233FD723898F2C0050E37F = {
						CreatedOnToolsVersion = 11.1;
						LastSwiftMigration = 1110;
					};
					97233FE62389906B0050E37F = {
						CreatedOnToolsVersion = 11.1;
					};
				};
			};
			buildConfigurationList = 97233FD223898F2C0050E37F /* Build configuration list for PBXProject "AimyboxCore" */;
			compatibilityVersion = "Xcode 9.3";
			developmentRegion = en;
			hasScannedForEncodings = 0;
			knownRegions = (
				en,
				Base,
			);
			mainGroup = 97233FCE23898F2C0050E37F;
			productRefGroup = 97233FD923898F2C0050E37F /* Products */;
			projectDirPath = "";
			projectRoot = "";
			targets = (
				97233FD723898F2C0050E37F /* AimyboxCore */,
				97233FE62389906B0050E37F /* AimyboxCoreTests */,
			);
		};
/* End PBXProject section */

/* Begin PBXResourcesBuildPhase section */
		97233FD623898F2C0050E37F /* Resources */ = {
			isa = PBXResourcesBuildPhase;
			buildActionMask = 2147483647;
			files = (
			);
			runOnlyForDeploymentPostprocessing = 0;
		};
		97233FE52389906B0050E37F /* Resources */ = {
			isa = PBXResourcesBuildPhase;
			buildActionMask = 2147483647;
			files = (
			);
			runOnlyForDeploymentPostprocessing = 0;
		};
/* End PBXResourcesBuildPhase section */

/* Begin PBXSourcesBuildPhase section */
		97233FD423898F2C0050E37F /* Sources */ = {
			isa = PBXSourcesBuildPhase;
			buildActionMask = 2147483647;
			files = (
				976B56672392C3FD009BF684 /* AimyboxError.swift in Sources */,
				973C7C9D2389921200920960 /* Aimybox.swift in Sources */,
				976B565F23929385009BF684 /* AimyboxConfig.swift in Sources */,
				557D2F30238C2B17007FC257 /* AimyboxState.swift in Sources */,
				976B565D239290B1009BF684 /* SpechToTextProtocol.swift in Sources */,
				976B566223929803009BF684 /* SFSpeechToText.swift in Sources */,
				976B56692392C41F009BF684 /* AimyboxResult.swift in Sources */,
				976B56652392AE0D009BF684 /* AimyboxDelegate.swift in Sources */,
			);
			runOnlyForDeploymentPostprocessing = 0;
		};
		97233FE32389906B0050E37F /* Sources */ = {
			isa = PBXSourcesBuildPhase;
			buildActionMask = 2147483647;
			files = (
				97233FEA2389906B0050E37F /* AimyboxCoreTests.swift in Sources */,
			);
			runOnlyForDeploymentPostprocessing = 0;
		};
/* End PBXSourcesBuildPhase section */

/* Begin PBXTargetDependency section */
		97233FEE2389906B0050E37F /* PBXTargetDependency */ = {
			isa = PBXTargetDependency;
			target = 97233FD723898F2C0050E37F /* AimyboxCore */;
			targetProxy = 97233FED2389906B0050E37F /* PBXContainerItemProxy */;
		};
/* End PBXTargetDependency section */

/* Begin XCBuildConfiguration section */
		97233FDE23898F2C0050E37F /* Debug */ = {
			isa = XCBuildConfiguration;
			buildSettings = {
				ALWAYS_SEARCH_USER_PATHS = NO;
				CLANG_ANALYZER_NONNULL = YES;
				CLANG_ANALYZER_NUMBER_OBJECT_CONVERSION = YES_AGGRESSIVE;
				CLANG_CXX_LANGUAGE_STANDARD = "gnu++14";
				CLANG_CXX_LIBRARY = "libc++";
				CLANG_ENABLE_MODULES = YES;
				CLANG_ENABLE_OBJC_ARC = YES;
				CLANG_ENABLE_OBJC_WEAK = YES;
				CLANG_WARN_BLOCK_CAPTURE_AUTORELEASING = YES;
				CLANG_WARN_BOOL_CONVERSION = YES;
				CLANG_WARN_COMMA = YES;
				CLANG_WARN_CONSTANT_CONVERSION = YES;
				CLANG_WARN_DEPRECATED_OBJC_IMPLEMENTATIONS = YES;
				CLANG_WARN_DIRECT_OBJC_ISA_USAGE = YES_ERROR;
				CLANG_WARN_DOCUMENTATION_COMMENTS = YES;
				CLANG_WARN_EMPTY_BODY = YES;
				CLANG_WARN_ENUM_CONVERSION = YES;
				CLANG_WARN_INFINITE_RECURSION = YES;
				CLANG_WARN_INT_CONVERSION = YES;
				CLANG_WARN_NON_LITERAL_NULL_CONVERSION = YES;
				CLANG_WARN_OBJC_IMPLICIT_RETAIN_SELF = YES;
				CLANG_WARN_OBJC_LITERAL_CONVERSION = YES;
				CLANG_WARN_OBJC_ROOT_CLASS = YES_ERROR;
				CLANG_WARN_RANGE_LOOP_ANALYSIS = YES;
				CLANG_WARN_STRICT_PROTOTYPES = YES;
				CLANG_WARN_SUSPICIOUS_MOVE = YES;
				CLANG_WARN_UNGUARDED_AVAILABILITY = YES_AGGRESSIVE;
				CLANG_WARN_UNREACHABLE_CODE = YES;
				CLANG_WARN__DUPLICATE_METHOD_MATCH = YES;
				COPY_PHASE_STRIP = NO;
				CURRENT_PROJECT_VERSION = 1;
				DEBUG_INFORMATION_FORMAT = dwarf;
				ENABLE_STRICT_OBJC_MSGSEND = YES;
				ENABLE_TESTABILITY = YES;
				GCC_C_LANGUAGE_STANDARD = gnu11;
				GCC_DYNAMIC_NO_PIC = NO;
				GCC_NO_COMMON_BLOCKS = YES;
				GCC_OPTIMIZATION_LEVEL = 0;
				GCC_PREPROCESSOR_DEFINITIONS = (
					"DEBUG=1",
					"$(inherited)",
				);
				GCC_WARN_64_TO_32_BIT_CONVERSION = YES;
				GCC_WARN_ABOUT_RETURN_TYPE = YES_ERROR;
				GCC_WARN_UNDECLARED_SELECTOR = YES;
				GCC_WARN_UNINITIALIZED_AUTOS = YES_AGGRESSIVE;
				GCC_WARN_UNUSED_FUNCTION = YES;
				GCC_WARN_UNUSED_VARIABLE = YES;
				IPHONEOS_DEPLOYMENT_TARGET = 10.0;
				MTL_ENABLE_DEBUG_INFO = INCLUDE_SOURCE;
				MTL_FAST_MATH = YES;
				ONLY_ACTIVE_ARCH = YES;
				SDKROOT = iphoneos;
				SWIFT_ACTIVE_COMPILATION_CONDITIONS = DEBUG;
				SWIFT_OPTIMIZATION_LEVEL = "-Onone";
				VERSIONING_SYSTEM = "apple-generic";
				VERSION_INFO_PREFIX = "";
			};
			name = Debug;
		};
		97233FDF23898F2C0050E37F /* Release */ = {
			isa = XCBuildConfiguration;
			buildSettings = {
				ALWAYS_SEARCH_USER_PATHS = NO;
				CLANG_ANALYZER_NONNULL = YES;
				CLANG_ANALYZER_NUMBER_OBJECT_CONVERSION = YES_AGGRESSIVE;
				CLANG_CXX_LANGUAGE_STANDARD = "gnu++14";
				CLANG_CXX_LIBRARY = "libc++";
				CLANG_ENABLE_MODULES = YES;
				CLANG_ENABLE_OBJC_ARC = YES;
				CLANG_ENABLE_OBJC_WEAK = YES;
				CLANG_WARN_BLOCK_CAPTURE_AUTORELEASING = YES;
				CLANG_WARN_BOOL_CONVERSION = YES;
				CLANG_WARN_COMMA = YES;
				CLANG_WARN_CONSTANT_CONVERSION = YES;
				CLANG_WARN_DEPRECATED_OBJC_IMPLEMENTATIONS = YES;
				CLANG_WARN_DIRECT_OBJC_ISA_USAGE = YES_ERROR;
				CLANG_WARN_DOCUMENTATION_COMMENTS = YES;
				CLANG_WARN_EMPTY_BODY = YES;
				CLANG_WARN_ENUM_CONVERSION = YES;
				CLANG_WARN_INFINITE_RECURSION = YES;
				CLANG_WARN_INT_CONVERSION = YES;
				CLANG_WARN_NON_LITERAL_NULL_CONVERSION = YES;
				CLANG_WARN_OBJC_IMPLICIT_RETAIN_SELF = YES;
				CLANG_WARN_OBJC_LITERAL_CONVERSION = YES;
				CLANG_WARN_OBJC_ROOT_CLASS = YES_ERROR;
				CLANG_WARN_RANGE_LOOP_ANALYSIS = YES;
				CLANG_WARN_STRICT_PROTOTYPES = YES;
				CLANG_WARN_SUSPICIOUS_MOVE = YES;
				CLANG_WARN_UNGUARDED_AVAILABILITY = YES_AGGRESSIVE;
				CLANG_WARN_UNREACHABLE_CODE = YES;
				CLANG_WARN__DUPLICATE_METHOD_MATCH = YES;
				COPY_PHASE_STRIP = NO;
				CURRENT_PROJECT_VERSION = 1;
				DEBUG_INFORMATION_FORMAT = "dwarf-with-dsym";
				ENABLE_NS_ASSERTIONS = NO;
				ENABLE_STRICT_OBJC_MSGSEND = YES;
				GCC_C_LANGUAGE_STANDARD = gnu11;
				GCC_NO_COMMON_BLOCKS = YES;
				GCC_WARN_64_TO_32_BIT_CONVERSION = YES;
				GCC_WARN_ABOUT_RETURN_TYPE = YES_ERROR;
				GCC_WARN_UNDECLARED_SELECTOR = YES;
				GCC_WARN_UNINITIALIZED_AUTOS = YES_AGGRESSIVE;
				GCC_WARN_UNUSED_FUNCTION = YES;
				GCC_WARN_UNUSED_VARIABLE = YES;
				IPHONEOS_DEPLOYMENT_TARGET = 10.0;
				MTL_ENABLE_DEBUG_INFO = NO;
				MTL_FAST_MATH = YES;
				SDKROOT = iphoneos;
				SWIFT_COMPILATION_MODE = wholemodule;
				SWIFT_OPTIMIZATION_LEVEL = "-O";
				VALIDATE_PRODUCT = YES;
				VERSIONING_SYSTEM = "apple-generic";
				VERSION_INFO_PREFIX = "";
			};
			name = Release;
		};
		97233FE123898F2C0050E37F /* Debug */ = {
			isa = XCBuildConfiguration;
			buildSettings = {
				CLANG_ENABLE_MODULES = YES;
				CODE_SIGN_STYLE = Automatic;
				DEFINES_MODULE = YES;
				DEVELOPMENT_TEAM = 76AN68YZD6;
				DYLIB_COMPATIBILITY_VERSION = 1;
				DYLIB_CURRENT_VERSION = 1;
				DYLIB_INSTALL_NAME_BASE = "@rpath";
				INFOPLIST_FILE = AimyboxCore/Info.plist;
				INSTALL_PATH = "$(LOCAL_LIBRARY_DIR)/Frameworks";
				IPHONEOS_DEPLOYMENT_TARGET = 10.0;
				LD_RUNPATH_SEARCH_PATHS = (
					"$(inherited)",
					"@executable_path/Frameworks",
					"@loader_path/Frameworks",
				);
				PRODUCT_BUNDLE_IDENTIFIER = com.justai.AimyboxCore;
				PRODUCT_NAME = "$(TARGET_NAME:c99extidentifier)";
				SKIP_INSTALL = YES;
				SUPPORTS_MACCATALYST = NO;
				SWIFT_OPTIMIZATION_LEVEL = "-Onone";
				SWIFT_VERSION = 4.2;
				TARGETED_DEVICE_FAMILY = 1;
			};
			name = Debug;
		};
		97233FE223898F2C0050E37F /* Release */ = {
			isa = XCBuildConfiguration;
			buildSettings = {
				CLANG_ENABLE_MODULES = YES;
				CODE_SIGN_STYLE = Automatic;
				DEFINES_MODULE = YES;
				DEVELOPMENT_TEAM = 76AN68YZD6;
				DYLIB_COMPATIBILITY_VERSION = 1;
				DYLIB_CURRENT_VERSION = 1;
				DYLIB_INSTALL_NAME_BASE = "@rpath";
				INFOPLIST_FILE = AimyboxCore/Info.plist;
				INSTALL_PATH = "$(LOCAL_LIBRARY_DIR)/Frameworks";
				IPHONEOS_DEPLOYMENT_TARGET = 10.0;
				LD_RUNPATH_SEARCH_PATHS = (
					"$(inherited)",
					"@executable_path/Frameworks",
					"@loader_path/Frameworks",
				);
				PRODUCT_BUNDLE_IDENTIFIER = com.justai.AimyboxCore;
				PRODUCT_NAME = "$(TARGET_NAME:c99extidentifier)";
				SKIP_INSTALL = YES;
				SUPPORTS_MACCATALYST = NO;
				SWIFT_VERSION = 4.2;
				TARGETED_DEVICE_FAMILY = 1;
			};
			name = Release;
		};
		97233FEF2389906B0050E37F /* Debug */ = {
			isa = XCBuildConfiguration;
			buildSettings = {
				ALWAYS_EMBED_SWIFT_STANDARD_LIBRARIES = YES;
				CODE_SIGN_STYLE = Automatic;
				DEVELOPMENT_TEAM = HKJ88XEM2N;
				INFOPLIST_FILE = AimyboxCoreTests/Info.plist;
				LD_RUNPATH_SEARCH_PATHS = (
					"$(inherited)",
					"@executable_path/Frameworks",
					"@loader_path/Frameworks",
				);
				PRODUCT_BUNDLE_IDENTIFIER = com.justai.AimyboxCoreTests;
				PRODUCT_NAME = "$(TARGET_NAME)";
				SWIFT_VERSION = 5.0;
				TARGETED_DEVICE_FAMILY = "1,2";
			};
			name = Debug;
		};
		97233FF02389906B0050E37F /* Release */ = {
			isa = XCBuildConfiguration;
			buildSettings = {
				ALWAYS_EMBED_SWIFT_STANDARD_LIBRARIES = YES;
				CODE_SIGN_STYLE = Automatic;
				DEVELOPMENT_TEAM = HKJ88XEM2N;
				INFOPLIST_FILE = AimyboxCoreTests/Info.plist;
				LD_RUNPATH_SEARCH_PATHS = (
					"$(inherited)",
					"@executable_path/Frameworks",
					"@loader_path/Frameworks",
				);
				PRODUCT_BUNDLE_IDENTIFIER = com.justai.AimyboxCoreTests;
				PRODUCT_NAME = "$(TARGET_NAME)";
				SWIFT_VERSION = 5.0;
				TARGETED_DEVICE_FAMILY = "1,2";
			};
			name = Release;
		};
/* End XCBuildConfiguration section */

/* Begin XCConfigurationList section */
		97233FD223898F2C0050E37F /* Build configuration list for PBXProject "AimyboxCore" */ = {
			isa = XCConfigurationList;
			buildConfigurations = (
				97233FDE23898F2C0050E37F /* Debug */,
				97233FDF23898F2C0050E37F /* Release */,
			);
			defaultConfigurationIsVisible = 0;
			defaultConfigurationName = Release;
		};
		97233FE023898F2C0050E37F /* Build configuration list for PBXNativeTarget "AimyboxCore" */ = {
			isa = XCConfigurationList;
			buildConfigurations = (
				97233FE123898F2C0050E37F /* Debug */,
				97233FE223898F2C0050E37F /* Release */,
			);
			defaultConfigurationIsVisible = 0;
			defaultConfigurationName = Release;
		};
		97233FF12389906B0050E37F /* Build configuration list for PBXNativeTarget "AimyboxCoreTests" */ = {
			isa = XCConfigurationList;
			buildConfigurations = (
				97233FEF2389906B0050E37F /* Debug */,
				97233FF02389906B0050E37F /* Release */,
			);
			defaultConfigurationIsVisible = 0;
			defaultConfigurationName = Release;
		};
/* End XCConfigurationList section */
	};
	rootObject = 97233FCF23898F2C0050E37F /* Project object */;
}
